
Microsoft Visual Studio Solution File, Format Version 12.00
# Visual Studio Version 16
VisualStudioVersion = 16.0.30804.86
MinimumVisualStudioVersion = 10.0.40219.1
Project("{FAE04EC0-301F-11D3-BF4B-00C04F79EFBC}") = "sdfsdf", "sdfsdf\sdfsdf.csproj", "{4448A24D-0F8D-4A88-B888-BBD0E909CB78}"
EndProject
Global
	GlobalSection(SolutionConfigurationPlatforms) = preSolution
		Debug|Any CPU = Debug|Any CPU
		Release|Any CPU = Release|Any CPU
	EndGlobalSection
	GlobalSection(ProjectConfigurationPlatforms) = postSolution
		{4448A24D-0F8D-4A88-B888-BBD0E909CB78}.Debug|Any CPU.ActiveCfg = Debug|Any CPU
		{4448A24D-0F8D-4A88-B888-BBD0E909CB78}.Debug|Any CPU.Build.0 = Debug|Any CPU
		{4448A24D-0F8D-4A88-B888-BBD0E909CB78}.Release|Any CPU.ActiveCfg = Release|Any CPU
		{4448A24D-0F8D-4A88-B888-BBD0E909CB78}.Release|Any CPU.Build.0 = Release|Any CPU
	EndGlobalSection
	GlobalSection(SolutionProperties) = preSolution
		HideSolutionNode = FALSE
	EndGlobalSection
	GlobalSection(ExtensibilityGlobals) = postSolution
		SolutionGuid = {5FCA90E8-CBFD-43EF-A98A-C3B963B17606}
	EndGlobalSection
EndGlobal
